Microsoft Visual Studio Solution File, Format Version 12.00
# Visual Studio Version 17
VisualStudioVersion = 17.5.2.0
MinimumVisualStudioVersion = 10.0.40219.1
Project("{FAE04EC0-301F-11D3-BF4B-00C04F79EFBC}") = "EmployeeCsvApp", "EmployeeCsvApp.csproj", "{CBA4F003-7623-2421-CF3F-FCEB47CDE239}"
EndProject
Global
	GlobalSection(SolutionConfigurationPlatforms) = preSolution
		Debug|Any CPU = Debug|Any CPU
		Release|Any CPU = Release|Any CPU
	EndGlobalSection
	GlobalSection(ProjectConfigurationPlatforms) = postSolution
		{CBA4F003-7623-2421-CF3F-FCEB47CDE239}.Debug|Any CPU.ActiveCfg = Debug|Any CPU
		{CBA4F003-7623-2421-CF3F-FCEB47CDE239}.Debug|Any CPU.Build.0 = Debug|Any CPU
		{CBA4F003-7623-2421-CF3F-FCEB47CDE239}.Release|Any CPU.ActiveCfg = Release|Any CPU
		{CBA4F003-7623-2421-CF3F-FCEB47CDE239}.Release|Any CPU.Build.0 = Release|Any CPU
	EndGlobalSection
	GlobalSection(SolutionProperties) = preSolution
		HideSolutionNode = FALSE
	EndGlobalSection
	GlobalSection(ExtensibilityGlobals) = postSolution
		SolutionGuid = {8B772B0B-B9E3-4D13-8FBA-35B21CCE79D3}
	EndGlobalSection
EndGlobal
